
Microsoft Visual Studio Solution File, Format Version 12.00
# Visual Studio Version 17
VisualStudioVersion = 17.8.34322.80
MinimumVisualStudioVersion = 10.0.40219.1
Project("{9A19103F-16F7-4668-BE54-9A1E7A4F7556}") = "OAuthSampleApp", "OAuthSampleApp.csproj", "{26B55BFE-1C9C-48F4-9F69-1EF202D95F75}"
EndProject
Global
	GlobalSection(SolutionConfigurationPlatforms) = preSolution
		Debug|Any CPU = Debug|Any CPU
		Release|Any CPU = Release|Any CPU
	EndGlobalSection
	GlobalSection(ProjectConfigurationPlatforms) = postSolution
		{26B55BFE-1C9C-48F4-9F69-1EF202D95F75}.Debug|Any CPU.ActiveCfg = Debug|Any CPU
		{26B55BFE-1C9C-48F4-9F69-1EF202D95F75}.Debug|Any CPU.Build.0 = Debug|Any CPU
		{26B55BFE-1C9C-48F4-9F69-1EF202D95F75}.Release|Any CPU.ActiveCfg = Release|Any CPU
		{26B55BFE-1C9C-48F4-9F69-1EF202D95F75}.Release|Any CPU.Build.0 = Release|Any CPU
	EndGlobalSection
	GlobalSection(SolutionProperties) = preSolution
		HideSolutionNode = FALSE
	EndGlobalSection
	GlobalSection(ExtensibilityGlobals) = postSolution
		SolutionGuid = {F7E4A27E-8CE8-4FC6-AD23-E9AA1E870702}
	EndGlobalSection
EndGlobal
